
Microsoft Visual Studio Solution File, Format Version 12.00
# Visual Studio Version 17
VisualStudioVersion = 17.5.33627.172
MinimumVisualStudioVersion = 10.0.40219.1
Project("{FAE04EC0-301F-11D3-BF4B-00C04F79EFBC}") = "FinalProje1", "FinalProje1\FinalProje1.csproj", "{F6E15591-4931-4835-A2D6-83C2439EF26A}"
EndProject
Global
	GlobalSection(SolutionConfigurationPlatforms) = preSolution
		Debug|Any CPU = Debug|Any CPU
		Release|Any CPU = Release|Any CPU
	EndGlobalSection
	GlobalSection(ProjectConfigurationPlatforms) = postSolution
		{F6E15591-4931-4835-A2D6-83C2439EF26A}.Debug|Any CPU.ActiveCfg = Debug|Any CPU
		{F6E15591-4931-4835-A2D6-83C2439EF26A}.Debug|Any CPU.Build.0 = Debug|Any CPU
		{F6E15591-4931-4835-A2D6-83C2439EF26A}.Release|Any CPU.ActiveCfg = Release|Any CPU
		{F6E15591-4931-4835-A2D6-83C2439EF26A}.Release|Any CPU.Build.0 = Release|Any CPU
	EndGlobalSection
	GlobalSection(SolutionProperties) = preSolution
		HideSolutionNode = FALSE
	EndGlobalSection
	GlobalSection(ExtensibilityGlobals) = postSolution
		SolutionGuid = {05EF4E9C-8A7C-4FF8-81AB-FC633113E355}
	EndGlobalSection
EndGlobal
